# This file is autogenerated and supposed to be committed to the git repository.
# Changing this file is not recommended and will likely break the build.
# Run `./gradlew --write-locks` to regenerate.
_openmp_mutex=4.5=3_kmp_llvm @ linux-64
adwaita-icon-theme=48.0=unix_0 @ noarch
aiohappyeyeballs=2.4.3=pyhd8ed1ab_0 @ noarch
aiohttp=3.10.5=py38h2019614_0 @ linux-64
aiosignal=1.3.1=pyhd8ed1ab_0 @ noarch
ase=3.23.0=pyhd8ed1ab_0 @ noarch
async-timeout=4.0.3=pyhd8ed1ab_0 @ noarch
at-spi2-atk=2.38.0=h0630a04_3 @ linux-64
at-spi2-core=2.40.3=h0630a04_0 @ linux-64
atk-1.0=2.38.0=h04ea711_2 @ linux-64
attrs=24.2.0=pyh71513ae_0 @ noarch
backports.zoneinfo=0.2.1=py38h01eb140_8 @ linux-64
backports=1.1=pyhd3eb1b0_0 @ noarch
blinker=1.8.2=pyhd8ed1ab_0 @ noarch
brotli-bin=1.1.0=hd590300_1 @ linux-64
brotli-python=1.1.0=py38h17151c0_1 @ linux-64
brotli=1.1.0=hd590300_1 @ linux-64
bzip2=1.0.8=h4bc722e_7 @ linux-64
c-ares=1.34.5=hb9d3cd8_0 @ linux-64
ca-certificates=2025.4.26=hbd8a1cb_0 @ noarch
cached-property=1.5.2=hd8ed1ab_1 @ noarch
cached_property=1.5.2=pyha770c72_1 @ noarch
cairo=1.18.4=h3394656_0 @ linux-64
captum=0.6.0=pyhd8ed1ab_0 @ noarch
certifi=2024.8.30=pyhd8ed1ab_0 @ noarch
cffi=1.17.0=py38heb5c249_0 @ linux-64
chardet=5.2.0=py38h578d9bd_1 @ linux-64
charset-normalizer=3.4.0=pyhd8ed1ab_0 @ noarch
click=8.1.7=unix_pyh707e725_0 @ noarch
cloudpickle=3.1.0=pyhd8ed1ab_1 @ noarch
colorama=0.4.6=pyhd8ed1ab_0 @ noarch
contourpy=1.1.1=py38h7f3f72f_1 @ linux-64
cpython=3.8.20=py38hd8ed1ab_2 @ noarch
cuda-version=11.1=hdbd7af8_3 @ noarch
cudatoolkit=11.1.1=hb139c0e_13 @ linux-64
cudnn=8.9.7.29=hbc23b4c_3 @ linux-64
cycler=0.12.1=pyhd8ed1ab_0 @ noarch
cytoolz=0.12.3=py38h01eb140_0 @ linux-64
dask-core=2023.5.0=pyhd8ed1ab_0 @ noarch
dbus=1.13.6=h5008d03_3 @ linux-64
decorator=5.1.1=pyhd3eb1b0_0 @ noarch
epoxy=1.5.10=h166bdaf_1 @ linux-64
expat=2.7.0=h5888daf_0 @ linux-64
flask=3.0.3=pyhd8ed1ab_0 @ noarch
font-ttf-dejavu-sans-mono=2.37=hab24e00_0 @ noarch
font-ttf-inconsolata=3.000=h77eed37_0 @ noarch
font-ttf-source-code-pro=2.038=h77eed37_0 @ noarch
font-ttf-ubuntu=0.83=h77eed37_3 @ noarch
fontconfig=2.15.0=h7e30c49_1 @ linux-64
fonts-conda-ecosystem=1=0 @ noarch
fonts-conda-forge=1=0 @ noarch
fonttools=4.53.1=py38h2019614_0 @ linux-64
freetype-py=2.3.0=pyhd8ed1ab_0 @ noarch
freetype=2.13.3=ha770c72_1 @ linux-64
fribidi=1.0.10=h36c2ea0_0 @ linux-64
frozenlist=1.4.1=py38h01eb140_0 @ linux-64
fsspec=2024.10.0=pyhff2d567_0 @ noarch
future=1.0.0=pyhd8ed1ab_0 @ noarch
gdk-pixbuf=2.42.12=hb9ae30d_0 @ linux-64
glib-tools=2.84.1=h4833e2c_1 @ linux-64
gmp=6.3.0=hac33072_2 @ linux-64
gmpy2=2.1.5=py38h6a1700d_1 @ linux-64
graphite2=1.3.13=h59595ed_1003 @ linux-64
graphviz=12.2.1=h5ae0cbf_1 @ linux-64
greenlet=3.0.3=py38h17151c0_0 @ linux-64
gtk3=3.24.43=h0c6a113_5 @ linux-64
gts=0.7.6=h977cf35_4 @ linux-64
h2=4.1.0=pyhd8ed1ab_0 @ noarch
h5py=3.11.0=nompi_py38h55b5aab_102 @ linux-64
harfbuzz=11.1.0=h3beb420_0 @ linux-64
hdf5=1.14.3=nompi_h2d575fe_109 @ linux-64
hicolor-icon-theme=0.17=ha770c72_2 @ linux-64
hpack=4.0.0=pyh9f0ad1d_0 @ noarch
hyperframe=6.0.1=pyhd8ed1ab_0 @ noarch
icu=75.1=he02047a_0 @ linux-64
idna=3.10=pyhd8ed1ab_0 @ noarch
imagecodecs-lite=2019.12.3=py38he82f83a_8 @ linux-64
imageio=2.36.0=pyh12aca89_1 @ noarch
imbalanced-learn=0.12.4=pyhd8ed1ab_0 @ noarch
importlib-metadata=8.5.0=pyha770c72_0 @ noarch
importlib-resources=6.4.5=pyhd8ed1ab_0 @ noarch
importlib_metadata=8.5.0=hd8ed1ab_1 @ noarch
importlib_resources=6.4.5=pyhd8ed1ab_0 @ noarch
isodate=0.7.2=pyhd8ed1ab_0 @ noarch
itsdangerous=2.2.0=pyhd8ed1ab_0 @ noarch
jinja2=3.1.4=pyhd8ed1ab_0 @ noarch
joblib=1.4.2=pyhd8ed1ab_0 @ noarch
keyutils=1.6.1=h166bdaf_0 @ linux-64
kiwisolver=1.4.5=py38h7f3f72f_1 @ linux-64
krb5=1.21.3=h659f571_0 @ linux-64
lcms2=2.17=h717163a_0 @ linux-64
ld_impl_linux-64=2.43=h712a8e2_4 @ linux-64
lerc=4.0.0=h0aef613_1 @ linux-64
libaec=1.1.3=h59595ed_0 @ linux-64
libblas=3.9.0=16_linux64_mkl @ linux-64
libboost-python=1.84.0=py38haa4b4a7_5 @ linux-64
libboost=1.84.0=h6c02f8c_7 @ linux-64
libbrotlicommon=1.1.0=hd590300_1 @ linux-64
libbrotlidec=1.1.0=hd590300_1 @ linux-64
libbrotlienc=1.1.0=hd590300_1 @ linux-64
libcblas=3.9.0=16_linux64_mkl @ linux-64
libcups=2.3.3=h4637d8d_4 @ linux-64
libcurl=8.13.0=h332b0f4_0 @ linux-64
libdeflate=1.23=h86f0d12_0 @ linux-64
libedit=3.1.20250104=pl5321h7949ede_0 @ linux-64
libev=4.33=hd590300_2 @ linux-64
libexpat=2.7.0=h5888daf_0 @ linux-64
libffi=3.4.6=h2dba641_1 @ linux-64
libfreetype6=2.13.3=h48d6fc4_1 @ linux-64
libfreetype=2.13.3=ha770c72_1 @ linux-64
libgcc-ng=14.2.0=h69a702a_2 @ linux-64
libgcc=14.2.0=h767d61c_2 @ linux-64
libgd=2.3.3=h6f5c62b_11 @ linux-64
libgfortran-ng=14.2.0=h69a702a_2 @ linux-64
libgfortran5=14.2.0=hf1ad2bd_2 @ linux-64
libgfortran=14.2.0=h69a702a_2 @ linux-64
libglib=2.84.1=h3618099_1 @ linux-64
libhwloc=2.11.2=default_h0d58e46_1001 @ linux-64
libiconv=1.18=h4ce23a2_1 @ linux-64
libjpeg-turbo=3.1.0=hb9d3cd8_0 @ linux-64
liblapack=3.9.0=16_linux64_mkl @ linux-64
libllvm14=14.0.6=hcd5def8_4 @ linux-64
liblzma-devel=5.8.1=hb9d3cd8_0 @ linux-64
liblzma=5.8.1=hb9d3cd8_0 @ linux-64
libnghttp2=1.64.0=h161d5f1_0 @ linux-64
libnsl=2.0.1=hd590300_0 @ linux-64
libpng=1.6.47=h943b412_0 @ linux-64
libpq=16.8=h87c4ccc_1 @ linux-64
libprotobuf=3.20.3=h3eb15da_0 @ linux-64
librdkit=2024.03.5=h79cfef2_3 @ linux-64
librsvg=2.58.4=he92a37e_3 @ linux-64
libsqlite=3.49.1=hee588c1_2 @ linux-64
libssh2=1.11.1=hcf80075_0 @ linux-64
libstdcxx-ng=14.2.0=h4852527_2 @ linux-64
libstdcxx=14.2.0=h8f9b012_2 @ linux-64
libtiff=4.7.0=hd9ff511_4 @ linux-64
libuuid=2.38.1=h0b41bf4_0 @ linux-64
libwebp-base=1.5.0=h851e524_0 @ linux-64
libxcb=1.17.0=h8a09558_0 @ linux-64
libxcrypt=4.4.36=hd590300_1 @ linux-64
libxkbcommon=1.9.1=h65c71a3_0 @ linux-64
libxml2=2.13.7=h4bc477f_1 @ linux-64
libxslt=1.1.39=h76b75d6_0 @ linux-64
libzlib=1.3.1=hb9d3cd8_2 @ linux-64
lightning-utilities=0.11.8=pyhd8ed1ab_0 @ noarch
llvm-openmp=20.1.4=h024ca30_0 @ linux-64
llvmlite=0.40.1=py38h94a1851_0 @ linux-64
locket=1.0.0=pyhd8ed1ab_0 @ noarch
lxml=5.3.0=py38hd8ce619_0 @ linux-64
magma=2.5.4=h5fc5d34_4 @ linux-64
markupsafe=2.1.5=py38h01eb140_0 @ linux-64
matplotlib-base=3.7.3=py38h58ed7fa_0 @ linux-64
mkl=2022.2.1=h6508926_16999 @ linux-64
mpc=1.3.1=h24ddda3_1 @ linux-64
mpfr=4.2.1=h90cbb55_3 @ linux-64
mpmath=1.3.0=pyhd8ed1ab_0 @ noarch
multidict=6.0.5=py38h01eb140_0 @ linux-64
munkres=1.1.4=pyh9f0ad1d_0 @ noarch
nccl=2.26.5.1=h03a54cd_0 @ linux-64
ncurses=6.5=h2d0b736_3 @ linux-64
networkx=3.1=pyhd8ed1ab_0 @ noarch
ninja=1.12.1=hff21bea_1 @ linux-64
numba=0.57.1=py38hd559b08_0 @ linux-64
numpy=1.24.4=py38h59b608b_0 @ linux-64
openjpeg=2.5.3=h5fbd93e_0 @ linux-64
openssl=3.5.0=h7b32b05_1 @ linux-64
opt_einsum=3.4.0=pyhd8ed1ab_0 @ noarch
packaging=25.0=pyh29332c3_1 @ noarch
palantir-spark-time=3.24.0=py_0 @ noarch
pandas=2.0.3=py38h01efb38_1 @ linux-64
pango=1.56.3=h9ac818e_1 @ linux-64
parsimonious=0.10.0=pyhd8ed1ab_0 @ noarch
partd=1.4.1=pyhd8ed1ab_0 @ noarch
patsy=0.5.6=pyhd8ed1ab_0 @ noarch
pcre2=10.45=hc749103_0 @ linux-64
pgmpy=1.0.0=py38h578d9bd_0 @ linux-64
pillow=10.4.0=py38h2bc05a7_0 @ linux-64
pip=24.3.1=pyh8b19718_0 @ noarch
pixman=0.46.0=h29eaf8c_0 @ linux-64
platformdirs=4.3.6=pyhd8ed1ab_0 @ noarch
polars=1.5.0=py38h3072ed8_0 @ linux-64
pooch=1.8.2=pyhd8ed1ab_0 @ noarch
psutil=6.0.0=py38hfb59056_0 @ linux-64
pthread-stubs=0.4=hb9d3cd8_1002 @ linux-64
py4j=0.10.9.7=pyhd8ed1ab_0 @ noarch
pycairo=1.26.1=py38he403b34_0 @ linux-64
pycparser=2.22=pyhd8ed1ab_0 @ noarch
pygcn=1.1.3=pyhd8ed1ab_0 @ noarch
pynndescent=0.5.13=pyhff2d567_0 @ noarch
pyparsing=3.1.4=pyhd8ed1ab_0 @ noarch
pyro-api=0.1.2=pyhd8ed1ab_0 @ noarch
pyro-ppl=1.8.6=pyhd8ed1ab_0 @ noarch
pysocks=1.7.1=pyha2e5f31_6 @ noarch
pyspark-src=3.5.1.37=py_0 @ noarch
pyspark=3.5.1.37=py_0 @ noarch
python-dateutil=2.9.0post0=py38h06a4308_0 @ linux-64
python-tzdata=2024.2=pyhd8ed1ab_0 @ noarch
python=3.8.20=h4a871b0_2_cpython @ linux-64
python_abi=3.8=7_cp38 @ noarch
pytorch-gpu=1.11.0=cuda111py38h3d52e46_1 @ linux-64
pytorch=1.11.0=cuda111py38h2d04dd0_1 @ linux-64
pytorch_geometric=2.6.1=pyhe5570ce_0 @ noarch
pytz=2024.2=pyhd8ed1ab_0 @ noarch
pywavelets=1.4.1=py38h7f0c24c_1 @ linux-64
pyyaml=6.0.2=py38h2019614_0 @ linux-64
rdflib=7.1.1=pyh0610db2_0 @ noarch
rdkit=2024.03.5=py38h890d753_3 @ linux-64
readline=8.2=h8c095d6_2 @ linux-64
regex=2024.7.24=py38h2019614_0 @ linux-64
reportlab=4.2.2=py38hfb59056_0 @ linux-64
requests=2.32.3=pyhd8ed1ab_0 @ noarch
rlpycairo=0.2.0=pyhd8ed1ab_0 @ noarch
scikit-image=0.19.3=py38h8f669ce_2 @ linux-64
scikit-learn=1.3.2=py38ha25d942_2 @ linux-64
scipy=1.10.1=py38h59b608b_3 @ linux-64
setuptools=70.0.0=pyhd8ed1ab_0 @ noarch
six=1.16.0=pyhd3eb1b0_1 @ noarch
sleef=3.8=h1b44611_0 @ linux-64
sqlalchemy=2.0.32=py38h2019614_0 @ linux-64
statsmodels=0.14.1=py38h7f0c24c_0 @ linux-64
sympy=1.13.3=pyh2585a3b_104 @ noarch
tabulate=0.9.0=pyhd8ed1ab_1 @ noarch
tbb=2021.13.0=hceb3a55_1 @ linux-64
threadpoolctl=3.5.0=pyhc1e730c_0 @ noarch
tifffile=2020.6.3=py_0 @ noarch
tk=8.6.13=noxft_h4845f30_101 @ linux-64
toolz=1.0.0=pyhd8ed1ab_0 @ noarch
torch-scatter=2.0.9=py38h3322de2_3 @ linux-64
torchmetrics=1.5.2=pyhe5570ce_0 @ noarch
torchsparse=1.4.0=py38cuda111h8f4a2ca_14_cuda @ linux-64
tqdm=4.67.1=pyhd8ed1ab_0 @ noarch
transforms-expectations=0.770.0=py_0 @ noarch
transforms-verbs=0.781.0=py_0 @ noarch
transforms=2.213.0=py_0 @ noarch
trimesh=4.5.3=pyhd8ed1ab_0 @ noarch
typing-extensions=4.12.2=hd8ed1ab_0 @ noarch
typing_extensions=4.12.2=pyha770c72_0 @ noarch
tzdata=2025b=h78e105d_0 @ noarch
unicodedata2=15.1.0=py38h01eb140_0 @ linux-64
urllib3=2.2.3=pyhd8ed1ab_0 @ noarch
wayland=1.23.1=h3e06ad9_1 @ linux-64
werkzeug=3.0.6=pyhd8ed1ab_0 @ noarch
wheel=0.45.1=pyhd8ed1ab_0 @ noarch
xkeyboard-config=2.44=hb9d3cd8_0 @ linux-64
xorg-libice=1.1.2=hb9d3cd8_0 @ linux-64
xorg-libsm=1.2.6=he73a12e_0 @ linux-64
xorg-libx11=1.8.12=h4f16b4b_0 @ linux-64
xorg-libxau=1.0.12=hb9d3cd8_0 @ linux-64
xorg-libxcomposite=0.4.6=hb9d3cd8_2 @ linux-64
xorg-libxcursor=1.2.3=hb9d3cd8_0 @ linux-64
xorg-libxdamage=1.1.6=hb9d3cd8_0 @ linux-64
xorg-libxdmcp=1.1.5=hb9d3cd8_0 @ linux-64
xorg-libxext=1.3.6=hb9d3cd8_0 @ linux-64
xorg-libxfixes=6.0.1=hb9d3cd8_0 @ linux-64
xorg-libxi=1.8.2=hb9d3cd8_0 @ linux-64
xorg-libxinerama=1.1.5=h5888daf_1 @ linux-64
xorg-libxrandr=1.5.4=hb9d3cd8_0 @ linux-64
xorg-libxrender=0.9.12=hb9d3cd8_0 @ linux-64
xorg-libxtst=1.2.5=hb9d3cd8_3 @ linux-64
xz-gpl-tools=5.8.1=hbcc6ac9_0 @ linux-64
xz-tools=5.8.1=hb9d3cd8_0 @ linux-64
xz=5.8.1=hbcc6ac9_0 @ linux-64
yaml=0.2.5=h7f98852_2 @ linux-64
yarl=1.9.4=py38h01eb140_0 @ linux-64
zipp=3.21.0=pyhd8ed1ab_0 @ noarch
zstandard=0.19.0=py38h0a891b7_0 @ linux-64
zstd=1.5.7=hb8e6e7a_2 @ linux-64

[Pip dependencies]
imbalanced-learn==0.12.4
joblib==1.4.2
numpy==1.24.4
scikit-learn==1.3.2
scipy==1.10.1
threadpoolctl==3.5.0

[Conda lock version]
v2 - b2142590c1d6ca51fd5efc349c8a3a4f0c89d78ed223a24150178409302c991f
